
Microsoft Visual Studio Solution File, Format Version 12.00
# Visual Studio 2017
Project("{FAE04EC0-301F-11D3-BF4B-00C04F79EFBC}") = "PeopleMover_2D", "PeopleMover_2D.csproj", "{4F1AB65B-E3AF-2443-FE17-6B77345CDF2E}"
EndProject
Global
	GlobalSection(SolutionConfigurationPlatforms) = preSolution
		Debug|Any CPU = Debug|Any CPU
		Release|Any CPU = Release|Any CPU
	EndGlobalSection
	GlobalSection(ProjectConfigurationPlatforms) = postSolution
		{4F1AB65B-E3AF-2443-FE17-6B77345CDF2E}.Debug|Any CPU.ActiveCfg = Debug|Any CPU
		{4F1AB65B-E3AF-2443-FE17-6B77345CDF2E}.Debug|Any CPU.Build.0 = Debug|Any CPU
		{4F1AB65B-E3AF-2443-FE17-6B77345CDF2E}.Release|Any CPU.ActiveCfg = Release|Any CPU
		{4F1AB65B-E3AF-2443-FE17-6B77345CDF2E}.Release|Any CPU.Build.0 = Release|Any CPU
	EndGlobalSection
	GlobalSection(SolutionProperties) = preSolution
		HideSolutionNode = FALSE
	EndGlobalSection
EndGlobal
